// !$*UTF8*$!
{
	archiveVersion = 1;
	classes = {
	};
	objectVersion = 46;
	objects = {

/* Begin PBXBuildFile section */
		3A257FA716A47F4E00937857 /* MSRightDetailGroupedTableViewCell.m in Sources */ = {isa = PBXBuildFile; fileRef = 3A257FA616A47F4E00937857 /* MSRightDetailGroupedTableViewCell.m */; };
		3AAC376B16A740EE0022B04D /* UIColor+Expanded.m in Sources */ = {isa = PBXBuildFile; fileRef = 3AAC376516A740EE0022B04D /* UIColor+Expanded.m */; };
		3AAC376F16A741150022B04D /* KGNoise.m in Sources */ = {isa = PBXBuildFile; fileRef = 3AAC376E16A741150022B04D /* KGNoise.m */; };
		3AAC379316A74A070022B04D /* MSGroupedCellBackgroundView.m in Sources */ = {isa = PBXBuildFile; fileRef = 3AAC378716A74A050022B04D /* MSGroupedCellBackgroundView.m */; };
		3AAC379416A74A070022B04D /* MSButtonGroupedTableViewCell.m in Sources */ = {isa = PBXBuildFile; fileRef = 3AAC378816A74A060022B04D /* MSButtonGroupedTableViewCell.m */; };
		3AAC379516A74A070022B04D /* MSGroupedTableViewCell.m in Sources */ = {isa = PBXBuildFile; fileRef = 3AAC378B16A74A060022B04D /* MSGroupedTableViewCell.m */; };
		3AAC379616A74A070022B04D /* MSGroupedTableViewHeaderView.m in Sources */ = {isa = PBXBuildFile; fileRef = 3AAC378D16A74A060022B04D /* MSGroupedTableViewHeaderView.m */; };
		3AAC379716A74A070022B04D /* MSSubtitleDetailGroupedTableViewCell.m in Sources */ = {isa = PBXBuildFile; fileRef = 3AAC378F16A74A060022B04D /* MSSubtitleDetailGroupedTableViewCell.m */; };
		3AAC379816A74A070022B04D /* MSGroupedTableView.m in Sources */ = {isa = PBXBuildFile; fileRef = 3AAC379116A74A060022B04D /* MSGroupedTableView.m */; };
		3AAC379B16A74A3B0022B04D /* MSTableViewCell.m in Sources */ = {isa = PBXBuildFile; fileRef = 3AAC379A16A74A3B0022B04D /* MSTableViewCell.m */; };
		3ABBBCA1168BF38000CBB5C1 /* UIKit.framework in Frameworks */ = {isa = PBXBuildFile; fileRef = 3ABBBCA0168BF38000CBB5C1 /* UIKit.framework */; };
		3ABBBCA3168BF38000CBB5C1 /* Foundation.framework in Frameworks */ = {isa = PBXBuildFile; fileRef = 3ABBBCA2168BF38000CBB5C1 /* Foundation.framework */; };
		3ABBBCA5168BF38000CBB5C1 /* CoreGraphics.framework in Frameworks */ = {isa = PBXBuildFile; fileRef = 3ABBBCA4168BF38000CBB5C1 /* CoreGraphics.framework */; };
		3ABBBCAB168BF38000CBB5C1 /* InfoPlist.strings in Resources */ = {isa = PBXBuildFile; fileRef = 3ABBBCA9168BF38000CBB5C1 /* InfoPlist.strings */; };
		3ABBBCAD168BF38000CBB5C1 /* main.m in Sources */ = {isa = PBXBuildFile; fileRef = 3ABBBCAC168BF38000CBB5C1 /* main.m */; };
		3ABBBCB1168BF38000CBB5C1 /* MSAppDelegate.m in Sources */ = {isa = PBXBuildFile; fileRef = 3ABBBCB0168BF38000CBB5C1 /* MSAppDelegate.m */; };
		3ABBBCB3168BF38000CBB5C1 /* Default.png in Resources */ = {isa = PBXBuildFile; fileRef = 3ABBBCB2168BF38000CBB5C1 /* Default.png */; };
		3ABBBCB5168BF38000CBB5C1 /* Default@2x.png in Resources */ = {isa = PBXBuildFile; fileRef = 3ABBBCB4168BF38000CBB5C1 /* Default@2x.png */; };
		3ABBBCB7168BF38000CBB5C1 /* Default-568h@2x.png in Resources */ = {isa = PBXBuildFile; fileRef = 3ABBBCB6168BF38000CBB5C1 /* Default-568h@2x.png */; };
		3ABBBCBE168BF3A700CBB5C1 /* QuartzCore.framework in Frameworks */ = {isa = PBXBuildFile; fileRef = 3ABBBCBD168BF3A700CBB5C1 /* QuartzCore.framework */; };
		3ABBBCC1168BF3F400CBB5C1 /* MSExampleGroupedTableViewController.m in Sources */ = {isa = PBXBuildFile; fileRef = 3ABBBCC0168BF3F400CBB5C1 /* MSExampleGroupedTableViewController.m */; };
		3AFE5CC516A9EA98002D34ED /* MSTableKit.h in Headers */ = {isa = PBXBuildFile; fileRef = 3AFE5CC316A9E9E9002D34ED /* MSTableKit.h */; };
/* End PBXBuildFile section */

/* Begin PBXFileReference section */
		3A257FA516A47F4D00937857 /* MSRightDetailGroupedTableViewCell.h */ = {isa = PBXFileReference; fileEncoding = 4; lastKnownFileType = sourcecode.c.h; path = MSRightDetailGroupedTableViewCell.h; sourceTree = "<group>"; };
		3A257FA616A47F4E00937857 /* MSRightDetailGroupedTableViewCell.m */ = {isa = PBXFileReference; fileEncoding = 4; lastKnownFileType = sourcecode.c.objc; path = MSRightDetailGroupedTableViewCell.m; sourceTree = "<group>"; };
		3AAC376416A740EE0022B04D /* UIColor+Expanded.h */ = {isa = PBXFileReference; fileEncoding = 4; lastKnownFileType = sourcecode.c.h; path = "UIColor+Expanded.h"; sourceTree = "<group>"; };
		3AAC376516A740EE0022B04D /* UIColor+Expanded.m */ = {isa = PBXFileReference; fileEncoding = 4; lastKnownFileType = sourcecode.c.objc; path = "UIColor+Expanded.m"; sourceTree = "<group>"; };
		3AAC376D16A741150022B04D /* KGNoise.h */ = {isa = PBXFileReference; fileEncoding = 4; lastKnownFileType = sourcecode.c.h; path = KGNoise.h; sourceTree = "<group>"; };
		3AAC376E16A741150022B04D /* KGNoise.m */ = {isa = PBXFileReference; fileEncoding = 4; lastKnownFileType = sourcecode.c.objc; path = KGNoise.m; sourceTree = "<group>"; };
		3AAC378716A74A050022B04D /* MSGroupedCellBackgroundView.m */ = {isa = PBXFileReference; fileEncoding = 4; lastKnownFileType = sourcecode.c.objc; path = MSGroupedCellBackgroundView.m; sourceTree = "<group>"; };
		3AAC378816A74A060022B04D /* MSButtonGroupedTableViewCell.m */ = {isa = PBXFileReference; fileEncoding = 4; lastKnownFileType = sourcecode.c.objc; path = MSButtonGroupedTableViewCell.m; sourceTree = "<group>"; };
		3AAC378916A74A060022B04D /* MSButtonGroupedTableViewCell.h */ = {isa = PBXFileReference; fileEncoding = 4; lastKnownFileType = sourcecode.c.h; path = MSButtonGroupedTableViewCell.h; sourceTree = "<group>"; };
		3AAC378A16A74A060022B04D /* MSGroupedTableView.h */ = {isa = PBXFileReference; fileEncoding = 4; lastKnownFileType = sourcecode.c.h; path = MSGroupedTableView.h; sourceTree = "<group>"; };
		3AAC378B16A74A060022B04D /* MSGroupedTableViewCell.m */ = {isa = PBXFileReference; fileEncoding = 4; lastKnownFileType = sourcecode.c.objc; path = MSGroupedTableViewCell.m; sourceTree = "<group>"; };
		3AAC378C16A74A060022B04D /* MSGroupedTableViewCell.h */ = {isa = PBXFileReference; fileEncoding = 4; lastKnownFileType = sourcecode.c.h; path = MSGroupedTableViewCell.h; sourceTree = "<group>"; };
		3AAC378D16A74A060022B04D /* MSGroupedTableViewHeaderView.m */ = {isa = PBXFileReference; fileEncoding = 4; lastKnownFileType = sourcecode.c.objc; path = MSGroupedTableViewHeaderView.m; sourceTree = "<group>"; };
		3AAC378E16A74A060022B04D /* MSGroupedTableViewHeaderView.h */ = {isa = PBXFileReference; fileEncoding = 4; lastKnownFileType = sourcecode.c.h; path = MSGroupedTableViewHeaderView.h; sourceTree = "<group>"; };
		3AAC378F16A74A060022B04D /* MSSubtitleDetailGroupedTableViewCell.m */ = {isa = PBXFileReference; fileEncoding = 4; lastKnownFileType = sourcecode.c.objc; path = MSSubtitleDetailGroupedTableViewCell.m; sourceTree = "<group>"; };
		3AAC379016A74A060022B04D /* MSSubtitleDetailGroupedTableViewCell.h */ = {isa = PBXFileReference; fileEncoding = 4; lastKnownFileType = sourcecode.c.h; path = MSSubtitleDetailGroupedTableViewCell.h; sourceTree = "<group>"; };
		3AAC379116A74A060022B04D /* MSGroupedTableView.m */ = {isa = PBXFileReference; fileEncoding = 4; lastKnownFileType = sourcecode.c.objc; path = MSGroupedTableView.m; sourceTree = "<group>"; };
		3AAC379216A74A060022B04D /* MSGroupedCellBackgroundView.h */ = {isa = PBXFileReference; fileEncoding = 4; lastKnownFileType = sourcecode.c.h; path = MSGroupedCellBackgroundView.h; sourceTree = "<group>"; };
		3AAC379916A74A3B0022B04D /* MSTableViewCell.h */ = {isa = PBXFileReference; fileEncoding = 4; lastKnownFileType = sourcecode.c.h; path = MSTableViewCell.h; sourceTree = "<group>"; };
		3AAC379A16A74A3B0022B04D /* MSTableViewCell.m */ = {isa = PBXFileReference; fileEncoding = 4; lastKnownFileType = sourcecode.c.objc; path = MSTableViewCell.m; sourceTree = "<group>"; };
		3ABBBC9D168BF38000CBB5C1 /* Grouped.app */ = {isa = PBXFileReference; explicitFileType = wrapper.application; includeInIndex = 0; path = Grouped.app; sourceTree = BUILT_PRODUCTS_DIR; };
		3ABBBCA0168BF38000CBB5C1 /* UIKit.framework */ = {isa = PBXFileReference; lastKnownFileType = wrapper.framework; name = UIKit.framework; path = System/Library/Frameworks/UIKit.framework; sourceTree = SDKROOT; };
		3ABBBCA2168BF38000CBB5C1 /* Foundation.framework */ = {isa = PBXFileReference; lastKnownFileType = wrapper.framework; name = Foundation.framework; path = System/Library/Frameworks/Foundation.framework; sourceTree = SDKROOT; };
		3ABBBCA4168BF38000CBB5C1 /* CoreGraphics.framework */ = {isa = PBXFileReference; lastKnownFileType = wrapper.framework; name = CoreGraphics.framework; path = System/Library/Frameworks/CoreGraphics.framework; sourceTree = SDKROOT; };
		3ABBBCA8168BF38000CBB5C1 /* Grouped Example-Info.plist */ = {isa = PBXFileReference; lastKnownFileType = text.plist.xml; path = "Grouped Example-Info.plist"; sourceTree = "<group>"; };
		3ABBBCAA168BF38000CBB5C1 /* en */ = {isa = PBXFileReference; lastKnownFileType = text.plist.strings; name = en; path = en.lproj/InfoPlist.strings; sourceTree = "<group>"; };
		3ABBBCAC168BF38000CBB5C1 /* main.m */ = {isa = PBXFileReference; lastKnownFileType = sourcecode.c.objc; path = main.m; sourceTree = "<group>"; };
		3ABBBCAE168BF38000CBB5C1 /* Grouped Example-Prefix.pch */ = {isa = PBXFileReference; lastKnownFileType = sourcecode.c.h; path = "Grouped Example-Prefix.pch"; sourceTree = "<group>"; };
		3ABBBCAF168BF38000CBB5C1 /* MSAppDelegate.h */ = {isa = PBXFileReference; lastKnownFileType = sourcecode.c.h; path = MSAppDelegate.h; sourceTree = "<group>"; };
		3ABBBCB0168BF38000CBB5C1 /* MSAppDelegate.m */ = {isa = PBXFileReference; lastKnownFileType = sourcecode.c.objc; path = MSAppDelegate.m; sourceTree = "<group>"; };
		3ABBBCB2168BF38000CBB5C1 /* Default.png */ = {isa = PBXFileReference; lastKnownFileType = image.png; path = Default.png; sourceTree = "<group>"; };
		3ABBBCB4168BF38000CBB5C1 /* Default@2x.png */ = {isa = PBXFileReference; lastKnownFileType = image.png; path = "Default@2x.png"; sourceTree = "<group>"; };
		3ABBBCB6168BF38000CBB5C1 /* Default-568h@2x.png */ = {isa = PBXFileReference; lastKnownFileType = image.png; path = "Default-568h@2x.png"; sourceTree = "<group>"; };
		3ABBBCBD168BF3A700CBB5C1 /* QuartzCore.framework */ = {isa = PBXFileReference; lastKnownFileType = wrapper.framework; name = QuartzCore.framework; path = System/Library/Frameworks/QuartzCore.framework; sourceTree = SDKROOT; };
		3ABBBCBF168BF3F400CBB5C1 /* MSExampleGroupedTableViewController.h */ = {isa = PBXFileReference; fileEncoding = 4; lastKnownFileType = sourcecode.c.h; path = MSExampleGroupedTableViewController.h; sourceTree = "<group>"; };
		3ABBBCC0168BF3F400CBB5C1 /* MSExampleGroupedTableViewController.m */ = {isa = PBXFileReference; fileEncoding = 4; lastKnownFileType = sourcecode.c.objc; path = MSExampleGroupedTableViewController.m; sourceTree = "<group>"; };
		3AFE5CC316A9E9E9002D34ED /* MSTableKit.h */ = {isa = PBXFileReference; lastKnownFileType = sourcecode.c.h; path = MSTableKit.h; sourceTree = "<group>"; };
/* End PBXFileReference section */

/* Begin PBXFrameworksBuildPhase section */
		3ABBBC9A168BF38000CBB5C1 /* Frameworks */ = {
			isa = PBXFrameworksBuildPhase;
			buildActionMask = 2147483647;
			files = (
				3ABBBCBE168BF3A700CBB5C1 /* QuartzCore.framework in Frameworks */,
				3ABBBCA1168BF38000CBB5C1 /* UIKit.framework in Frameworks */,
				3ABBBCA3168BF38000CBB5C1 /* Foundation.framework in Frameworks */,
				3ABBBCA5168BF38000CBB5C1 /* CoreGraphics.framework in Frameworks */,
			);
			runOnlyForDeploymentPostprocessing = 0;
		};
/* End PBXFrameworksBuildPhase section */

/* Begin PBXGroup section */
		3A5AC62D16A2461F006F5A3F /* Vendor */ = {
			isa = PBXGroup;
			children = (
				3AAC377016A7411B0022B04D /* KGNoise */,
				3AAC376016A740EE0022B04D /* UIColor-Utilities */,
				3A8BC61716A367A300800998 /* MSTableKit */,
			);
			name = Vendor;
			sourceTree = "<group>";
		};
		3A8BC61716A367A300800998 /* MSTableKit */ = {
			isa = PBXGroup;
			children = (
				3AFE5CC316A9E9E9002D34ED /* MSTableKit.h */,
				3AAC379916A74A3B0022B04D /* MSTableViewCell.h */,
				3AAC379A16A74A3B0022B04D /* MSTableViewCell.m */,
				3AAC378A16A74A060022B04D /* MSGroupedTableView.h */,
				3AAC379116A74A060022B04D /* MSGroupedTableView.m */,
				3AAC378C16A74A060022B04D /* MSGroupedTableViewCell.h */,
				3AAC378B16A74A060022B04D /* MSGroupedTableViewCell.m */,
				3AAC378916A74A060022B04D /* MSButtonGroupedTableViewCell.h */,
				3AAC378816A74A060022B04D /* MSButtonGroupedTableViewCell.m */,
				3AAC378F16A74A060022B04D /* MSSubtitleDetailGroupedTableViewCell.m */,
				3AAC379016A74A060022B04D /* MSSubtitleDetailGroupedTableViewCell.h */,
				3A257FA516A47F4D00937857 /* MSRightDetailGroupedTableViewCell.h */,
				3A257FA616A47F4E00937857 /* MSRightDetailGroupedTableViewCell.m */,
				3AAC379216A74A060022B04D /* MSGroupedCellBackgroundView.h */,
				3AAC378716A74A050022B04D /* MSGroupedCellBackgroundView.m */,
				3AAC378D16A74A060022B04D /* MSGroupedTableViewHeaderView.m */,
				3AAC378E16A74A060022B04D /* MSGroupedTableViewHeaderView.h */,
			);
			name = MSTableKit;
			path = ../../MSTableKit;
			sourceTree = SOURCE_ROOT;
		};
		3AAC376016A740EE0022B04D /* UIColor-Utilities */ = {
			isa = PBXGroup;
			children = (
				3AAC376416A740EE0022B04D /* UIColor+Expanded.h */,
				3AAC376516A740EE0022B04D /* UIColor+Expanded.m */,
			);
			name = "UIColor-Utilities";
			path = "../../Vendor/UIColor-Utilities";
			sourceTree = SOURCE_ROOT;
		};
		3AAC377016A7411B0022B04D /* KGNoise */ = {
			isa = PBXGroup;
			children = (
				3AAC376D16A741150022B04D /* KGNoise.h */,
				3AAC376E16A741150022B04D /* KGNoise.m */,
			);
			name = KGNoise;
			path = ../../Vendor/KGNoise;
			sourceTree = SOURCE_ROOT;
		};
		3ABBBC94168BF38000CBB5C1 = {
			isa = PBXGroup;
			children = (
				3ABBBCA6168BF38000CBB5C1 /* Grouped Example */,
				3ABBBC9F168BF38000CBB5C1 /* Frameworks */,
				3A5AC62D16A2461F006F5A3F /* Vendor */,
				3ABBBC9E168BF38000CBB5C1 /* Products */,
			);
			sourceTree = "<group>";
		};
		3ABBBC9E168BF38000CBB5C1 /* Products */ = {
			isa = PBXGroup;
			children = (
				3ABBBC9D168BF38000CBB5C1 /* Grouped.app */,
			);
			name = Products;
			sourceTree = "<group>";
		};
		3ABBBC9F168BF38000CBB5C1 /* Frameworks */ = {
			isa = PBXGroup;
			children = (
				3ABBBCBD168BF3A700CBB5C1 /* QuartzCore.framework */,
				3ABBBCA0168BF38000CBB5C1 /* UIKit.framework */,
				3ABBBCA2168BF38000CBB5C1 /* Foundation.framework */,
				3ABBBCA4168BF38000CBB5C1 /* CoreGraphics.framework */,
			);
			name = Frameworks;
			sourceTree = "<group>";
		};
		3ABBBCA6168BF38000CBB5C1 /* Grouped Example */ = {
			isa = PBXGroup;
			children = (
				3ABBBCAF168BF38000CBB5C1 /* MSAppDelegate.h */,
				3ABBBCB0168BF38000CBB5C1 /* MSAppDelegate.m */,
				3ABBBCBF168BF3F400CBB5C1 /* MSExampleGroupedTableViewController.h */,
				3ABBBCC0168BF3F400CBB5C1 /* MSExampleGroupedTableViewController.m */,
				3ABBBCA7168BF38000CBB5C1 /* Supporting Files */,
			);
			path = "Grouped Example";
			sourceTree = "<group>";
		};
		3ABBBCA7168BF38000CBB5C1 /* Supporting Files */ = {
			isa = PBXGroup;
			children = (
				3ABBBCA8168BF38000CBB5C1 /* Grouped Example-Info.plist */,
				3ABBBCA9168BF38000CBB5C1 /* InfoPlist.strings */,
				3ABBBCAC168BF38000CBB5C1 /* main.m */,
				3ABBBCAE168BF38000CBB5C1 /* Grouped Example-Prefix.pch */,
				3ABBBCB2168BF38000CBB5C1 /* Default.png */,
				3ABBBCB4168BF38000CBB5C1 /* Default@2x.png */,
				3ABBBCB6168BF38000CBB5C1 /* Default-568h@2x.png */,
			);
			name = "Supporting Files";
			sourceTree = "<group>";
		};
/* End PBXGroup section */

/* Begin PBXHeadersBuildPhase section */
		3AFE5CC416A9EA87002D34ED /* Headers */ = {
			isa = PBXHeadersBuildPhase;
			buildActionMask = 2147483647;
			files = (
				3AFE5CC516A9EA98002D34ED /* MSTableKit.h in Headers */,
			);
			runOnlyForDeploymentPostprocessing = 0;
		};
/* End PBXHeadersBuildPhase section */

/* Begin PBXNativeTarget section */
		3ABBBC9C168BF38000CBB5C1 /* Grouped Example */ = {
			isa = PBXNativeTarget;
			buildConfigurationList = 3ABBBCBA168BF38000CBB5C1 /* Build configuration list for PBXNativeTarget "Grouped Example" */;
			buildPhases = (
				3ABBBC99168BF38000CBB5C1 /* Sources */,
				3ABBBC9A168BF38000CBB5C1 /* Frameworks */,
				3ABBBC9B168BF38000CBB5C1 /* Resources */,
				3AFE5CC416A9EA87002D34ED /* Headers */,
			);
			buildRules = (
			);
			dependencies = (
			);
			name = "Grouped Example";
			productName = "Grouped Example";
			productReference = 3ABBBC9D168BF38000CBB5C1 /* Grouped.app */;
			productType = "com.apple.product-type.application";
		};
/* End PBXNativeTarget section */

/* Begin PBXProject section */
		3ABBBC95168BF38000CBB5C1 /* Project object */ = {
			isa = PBXProject;
			attributes = {
				CLASSPREFIX = MS;
				LastUpgradeCheck = 0460;
				ORGANIZATIONNAME = "Monospace Ltd";
			};
			buildConfigurationList = 3ABBBC98168BF38000CBB5C1 /* Build configuration list for PBXProject "Grouped Example" */;
			compatibilityVersion = "Xcode 3.2";
			developmentRegion = English;
			hasScannedForEncodings = 0;
			knownRegions = (
				en,
			);
			mainGroup = 3ABBBC94168BF38000CBB5C1;
			productRefGroup = 3ABBBC9E168BF38000CBB5C1 /* Products */;
			projectDirPath = "";
			projectRoot = "";
			targets = (
				3ABBBC9C168BF38000CBB5C1 /* Grouped Example */,
			);
		};
/* End PBXProject section */

/* Begin PBXResourcesBuildPhase section */
		3ABBBC9B168BF38000CBB5C1 /* Resources */ = {
			isa = PBXResourcesBuildPhase;
			buildActionMask = 2147483647;
			files = (
				3ABBBCAB168BF38000CBB5C1 /* InfoPlist.strings in Resources */,
				3ABBBCB3168BF38000CBB5C1 /* Default.png in Resources */,
				3ABBBCB5168BF38000CBB5C1 /* Default@2x.png in Resources */,
				3ABBBCB7168BF38000CBB5C1 /* Default-568h@2x.png in Resources */,
			);
			runOnlyForDeploymentPostprocessing = 0;
		};
/* End PBXResourcesBuildPhase section */

/* Begin PBXSourcesBuildPhase section */
		3ABBBC99168BF38000CBB5C1 /* Sources */ = {
			isa = PBXSourcesBuildPhase;
			buildActionMask = 2147483647;
			files = (
				3ABBBCAD168BF38000CBB5C1 /* main.m in Sources */,
				3ABBBCB1168BF38000CBB5C1 /* MSAppDelegate.m in Sources */,
				3ABBBCC1168BF3F400CBB5C1 /* MSExampleGroupedTableViewController.m in Sources */,
				3A257FA716A47F4E00937857 /* MSRightDetailGroupedTableViewCell.m in Sources */,
				3AAC376B16A740EE0022B04D /* UIColor+Expanded.m in Sources */,
				3AAC376F16A741150022B04D /* KGNoise.m in Sources */,
				3AAC379316A74A070022B04D /* MSGroupedCellBackgroundView.m in Sources */,
				3AAC379416A74A070022B04D /* MSButtonGroupedTableViewCell.m in Sources */,
				3AAC379516A74A070022B04D /* MSGroupedTableViewCell.m in Sources */,
				3AAC379616A74A070022B04D /* MSGroupedTableViewHeaderView.m in Sources */,
				3AAC379716A74A070022B04D /* MSSubtitleDetailGroupedTableViewCell.m in Sources */,
				3AAC379816A74A070022B04D /* MSGroupedTableView.m in Sources */,
				3AAC379B16A74A3B0022B04D /* MSTableViewCell.m in Sources */,
			);
			runOnlyForDeploymentPostprocessing = 0;
		};
/* End PBXSourcesBuildPhase section */

/* Begin PBXVariantGroup section */
		3ABBBCA9168BF38000CBB5C1 /* InfoPlist.strings */ = {
			isa = PBXVariantGroup;
			children = (
				3ABBBCAA168BF38000CBB5C1 /* en */,
			);
			name = InfoPlist.strings;
			sourceTree = "<group>";
		};
/* End PBXVariantGroup section */

/* Begin XCBuildConfiguration section */
		3ABBBCB8168BF38000CBB5C1 /* Debug */ = {
			isa = XCBuildConfiguration;
			buildSettings = {
				ALWAYS_SEARCH_USER_PATHS = NO;
				CLANG_CXX_LANGUAGE_STANDARD = "gnu++0x";
				CLANG_CXX_LIBRARY = "libc++";
				CLANG_ENABLE_OBJC_ARC = YES;
				CLANG_WARN_CONSTANT_CONVERSION = YES;
				CLANG_WARN_EMPTY_BODY = YES;
				CLANG_WARN_ENUM_CONVERSION = YES;
				CLANG_WARN_INT_CONVERSION = YES;
				CLANG_WARN__DUPLICATE_METHOD_MATCH = YES;
				"CODE_SIGN_IDENTITY[sdk=iphoneos*]" = "iPhone Developer";
				COPY_PHASE_STRIP = NO;
				GCC_C_LANGUAGE_STANDARD = gnu99;
				GCC_DYNAMIC_NO_PIC = NO;
				GCC_OPTIMIZATION_LEVEL = 0;
				GCC_PREPROCESSOR_DEFINITIONS = (
					"DEBUG=1",
					"$(inherited)",
				);
				GCC_SYMBOLS_PRIVATE_EXTERN = NO;
				GCC_WARN_ABOUT_RETURN_TYPE = YES;
				GCC_WARN_UNINITIALIZED_AUTOS = YES;
				GCC_WARN_UNUSED_VARIABLE = YES;
				IPHONEOS_DEPLOYMENT_TARGET = 6.1;
				ONLY_ACTIVE_ARCH = YES;
				SDKROOT = iphoneos;
				TARGETED_DEVICE_FAMILY = "1,2";
			};
			name = Debug;
		};
		3ABBBCB9168BF38000CBB5C1 /* Release */ = {
			isa = XCBuildConfiguration;
			buildSettings = {
				ALWAYS_SEARCH_USER_PATHS = NO;
				CLANG_CXX_LANGUAGE_STANDARD = "gnu++0x";
				CLANG_CXX_LIBRARY = "libc++";
				CLANG_ENABLE_OBJC_ARC = YES;
				CLANG_WARN_CONSTANT_CONVERSION = YES;
				CLANG_WARN_EMPTY_BODY = YES;
				CLANG_WARN_ENUM_CONVERSION = YES;
				CLANG_WARN_INT_CONVERSION = YES;
				CLANG_WARN__DUPLICATE_METHOD_MATCH = YES;
				"CODE_SIGN_IDENTITY[sdk=iphoneos*]" = "iPhone Developer";
				COPY_PHASE_STRIP = YES;
				GCC_C_LANGUAGE_STANDARD = gnu99;
				GCC_WARN_ABOUT_RETURN_TYPE = YES;
				GCC_WARN_UNINITIALIZED_AUTOS = YES;
				GCC_WARN_UNUSED_VARIABLE = YES;
				IPHONEOS_DEPLOYMENT_TARGET = 6.1;
				OTHER_CFLAGS = "-DNS_BLOCK_ASSERTIONS=1";
				SDKROOT = iphoneos;
				TARGETED_DEVICE_FAMILY = "1,2";
				VALIDATE_PRODUCT = YES;
			};
			name = Release;
		};
		3ABBBCBB168BF38000CBB5C1 /* Debug */ = {
			isa = XCBuildConfiguration;
			buildSettings = {
				GCC_PRECOMPILE_PREFIX_HEADER = YES;
				GCC_PREFIX_HEADER = "Grouped Example/Grouped Example-Prefix.pch";
				INFOPLIST_FILE = "Grouped Example/Grouped Example-Info.plist";
				IPHONEOS_DEPLOYMENT_TARGET = 5.0;
				PRODUCT_NAME = Grouped;
				WRAPPER_EXTENSION = app;
			};
			name = Debug;
		};
		3ABBBCBC168BF38000CBB5C1 /* Release */ = {
			isa = XCBuildConfiguration;
			buildSettings = {
				GCC_PRECOMPILE_PREFIX_HEADER = YES;
				GCC_PREFIX_HEADER = "Grouped Example/Grouped Example-Prefix.pch";
				INFOPLIST_FILE = "Grouped Example/Grouped Example-Info.plist";
				IPHONEOS_DEPLOYMENT_TARGET = 5.0;
				PRODUCT_NAME = Grouped;
				WRAPPER_EXTENSION = app;
			};
			name = Release;
		};
/* End XCBuildConfiguration section */

/* Begin XCConfigurationList section */
		3ABBBC98168BF38000CBB5C1 /* Build configuration list for PBXProject "Grouped Example" */ = {
			isa = XCConfigurationList;
			buildConfigurations = (
				3ABBBCB8168BF38000CBB5C1 /* Debug */,
				3ABBBCB9168BF38000CBB5C1 /* Release */,
			);
			defaultConfigurationIsVisible = 0;
			defaultConfigurationName = Release;
		};
		3ABBBCBA168BF38000CBB5C1 /* Build configuration list for PBXNativeTarget "Grouped Example" */ = {
			isa = XCConfigurationList;
			buildConfigurations = (
				3ABBBCBB168BF38000CBB5C1 /* Debug */,
				3ABBBCBC168BF38000CBB5C1 /* Release */,
			);
			defaultConfigurationIsVisible = 0;
			defaultConfigurationName = Release;
		};
/* End XCConfigurationList section */
	};
	rootObject = 3ABBBC95168BF38000CBB5C1 /* Project object */;
}
